
Microsoft Visual Studio Solution File, Format Version 12.00
# Visual Studio Version 17
VisualStudioVersion = 17.0.32014.148
MinimumVisualStudioVersion = 10.0.40219.1
Project("{FAE04EC0-301F-11D3-BF4B-00C04F79EFBC}") = "WeatherAdapter", "WeatherAdapter\WeatherAdapter.csproj", "{1C5824A8-60BB-4743-AAF2-4D1838E175CE}"
EndProject
Global
	GlobalSection(SolutionConfigurationPlatforms) = preSolution
		Debug|Any CPU = Debug|Any CPU
		Release|Any CPU = Release|Any CPU
	EndGlobalSection
	GlobalSection(ProjectConfigurationPlatforms) = postSolution
		{1C5824A8-60BB-4743-AAF2-4D1838E175CE}.Debug|Any CPU.ActiveCfg = Debug|Any CPU
		{1C5824A8-60BB-4743-AAF2-4D1838E175CE}.Debug|Any CPU.Build.0 = Debug|Any CPU
		{1C5824A8-60BB-4743-AAF2-4D1838E175CE}.Release|Any CPU.ActiveCfg = Release|Any CPU
		{1C5824A8-60BB-4743-AAF2-4D1838E175CE}.Release|Any CPU.Build.0 = Release|Any CPU
	EndGlobalSection
	GlobalSection(SolutionProperties) = preSolution
		HideSolutionNode = FALSE
	EndGlobalSection
	GlobalSection(ExtensibilityGlobals) = postSolution
		SolutionGuid = {4F118D2F-A88D-4952-8B1E-ED3794D9BDD2}
	EndGlobalSection
EndGlobal
